PODS:
  - Flutter (1.0.0)
  - pc300_health_sdk (0.0.1):
    - Flutter

DEPENDENCIES:
  - Flutter (from `Flutter`)
  - pc300_health_sdk (from `.symlinks/plugins/pc300_health_sdk/ios`)

EXTERNAL SOURCES:
  Flutter:
    :path: Flutter
  pc300_health_sdk:
    :path: ".symlinks/plugins/pc300_health_sdk/ios"

SPEC CHECKSUMS:
  Flutter: 0e3d915762c693b495b44d77113d4970485de6ec
  pc300_health_sdk: 1ee149167cf6309e4dabd0e2179810b326ca2a34

PODFILE CHECKSUM: 8e679eca47255a8ca8067c4c67aab20e64cb974d

COCOAPODS: 1.9.1
