PODS:
  - Flutter (1.0.0)
  - pc300_health_sdk (0.0.1):
    - Flutter

DEPENDENCIES:
  - Flutter (from `Flutter`)
  - pc300_health_sdk (from `.symlinks/plugins/pc300_health_sdk/ios`)

EXTERNAL SOURCES:
  Flutter:
    :path: Flutter
  pc300_health_sdk:
    :path: ".symlinks/plugins/pc300_health_sdk/ios"

SPEC CHECKSUMS:
  Flutter: 0e3d915762c693b495b44d77113d4970485de6ec
  pc300_health_sdk: abe9b1f46e6602b935342b43e96729a8c4fa6eb9

PODFILE CHECKSUM: 3dbe063e9c90a5d7c9e4e76e70a821b9e2c1d271

COCOAPODS: 1.9.1
